// !$*UTF8*$!
{
	archiveVersion = 1;
	classes = {
	};
	objectVersion = 50;
	objects = {

/* Begin PBXBuildFile section */
		74B7A38B20D04D20003253CC /* start.cpp in Sources */ = {isa = PBXBuildFile; fileRef = 74B7A38A20D04D20003253CC /* start.cpp */; };
		74B7A39C20D04F55003253CC /* SnakeGame.cpp in Sources */ = {isa = PBXBuildFile; fileRef = 74B7A39420D04D8A003253CC /* SnakeGame.cpp */; };
		74B7A39D20D050DA003253CC /* SnakeGameItem.cpp in Sources */ = {isa = PBXBuildFile; fileRef = 74B7A39620D04D8A003253CC /* SnakeGameItem.cpp */; };
		74B7A39E20D0F201003253CC /* SnakePart.cpp in Sources */ = {isa = PBXBuildFile; fileRef = 74B7A39520D04D8A003253CC /* SnakePart.cpp */; };
/* End PBXBuildFile section */

/* Begin PBXCopyFilesBuildPhase section */
		74B7A38520D04D20003253CC /* CopyFiles */ = {
			isa = PBXCopyFilesBuildPhase;
			buildActionMask = 2147483647;
			dstPath = /usr/share/man/man1/;
			dstSubfolderSpec = 0;
			files = (
			);
			runOnlyForDeploymentPostprocessing = 1;
		};
/* End PBXCopyFilesBuildPhase section */

/* Begin PBXFileReference section */
		74B7A38720D04D20003253CC /* SnakeGame */ = {isa = PBXFileReference; explicitFileType = "compiled.mach-o.executable"; includeInIndex = 0; path = SnakeGame; sourceTree = BUILT_PRODUCTS_DIR; };
		74B7A38A20D04D20003253CC /* start.cpp */ = {isa = PBXFileReference; lastKnownFileType = sourcecode.cpp.cpp; path = start.cpp; sourceTree = "<group>"; };
		74B7A39320D04D8A003253CC /* SnakeGameItem.h */ = {isa = PBXFileReference; fileEncoding = 4; lastKnownFileType = sourcecode.c.h; path = SnakeGameItem.h; sourceTree = "<group>"; };
		74B7A39420D04D8A003253CC /* SnakeGame.cpp */ = {isa = PBXFileReference; fileEncoding = 4; lastKnownFileType = sourcecode.cpp.cpp; path = SnakeGame.cpp; sourceTree = "<group>"; };
		74B7A39520D04D8A003253CC /* SnakePart.cpp */ = {isa = PBXFileReference; fileEncoding = 4; lastKnownFileType = sourcecode.cpp.cpp; path = SnakePart.cpp; sourceTree = "<group>"; };
		74B7A39620D04D8A003253CC /* SnakeGameItem.cpp */ = {isa = PBXFileReference; fileEncoding = 4; lastKnownFileType = sourcecode.cpp.cpp; path = SnakeGameItem.cpp; sourceTree = "<group>"; };
		74B7A39720D04D8A003253CC /* SnakeGame.h */ = {isa = PBXFileReference; fileEncoding = 4; lastKnownFileType = sourcecode.c.h; path = SnakeGame.h; sourceTree = "<group>"; };
		74B7A39820D04D8A003253CC /* SnakePart.h */ = {isa = PBXFileReference; fileEncoding = 4; lastKnownFileType = sourcecode.c.h; path = SnakePart.h; sourceTree = "<group>"; };
/* End PBXFileReference section */

/* Begin PBXFrameworksBuildPhase section */
		74B7A38420D04D20003253CC /* Frameworks */ = {
			isa = PBXFrameworksBuildPhase;
			buildActionMask = 2147483647;
			files = (
			);
			runOnlyForDeploymentPostprocessing = 0;
		};
/* End PBXFrameworksBuildPhase section */

/* Begin PBXGroup section */
		74B7A37E20D04D20003253CC = {
			isa = PBXGroup;
			children = (
				74B7A38920D04D20003253CC /* SnakeGame */,
				74B7A38820D04D20003253CC /* Products */,
			);
			sourceTree = "<group>";
		};
		74B7A38820D04D20003253CC /* Products */ = {
			isa = PBXGroup;
			children = (
				74B7A38720D04D20003253CC /* SnakeGame */,
			);
			name = Products;
			sourceTree = "<group>";
		};
		74B7A38920D04D20003253CC /* SnakeGame */ = {
			isa = PBXGroup;
			children = (
				74B7A39220D04D8A003253CC /* src */,
				74B7A38A20D04D20003253CC /* start.cpp */,
			);
			path = SnakeGame;
			sourceTree = "<group>";
		};
		74B7A39220D04D8A003253CC /* src */ = {
			isa = PBXGroup;
			children = (
				74B7A39320D04D8A003253CC /* SnakeGameItem.h */,
				74B7A39420D04D8A003253CC /* SnakeGame.cpp */,
				74B7A39520D04D8A003253CC /* SnakePart.cpp */,
				74B7A39620D04D8A003253CC /* SnakeGameItem.cpp */,
				74B7A39720D04D8A003253CC /* SnakeGame.h */,
				74B7A39820D04D8A003253CC /* SnakePart.h */,
			);
			path = src;
			sourceTree = "<group>";
		};
/* End PBXGroup section */

/* Begin PBXNativeTarget section */
		74B7A38620D04D20003253CC /* SnakeGame */ = {
			isa = PBXNativeTarget;
			buildConfigurationList = 74B7A38E20D04D20003253CC /* Build configuration list for PBXNativeTarget "SnakeGame" */;
			buildPhases = (
				74B7A38320D04D20003253CC /* Sources */,
				74B7A38420D04D20003253CC /* Frameworks */,
				74B7A38520D04D20003253CC /* CopyFiles */,
			);
			buildRules = (
			);
			dependencies = (
			);
			name = SnakeGame;
			productName = SnakeGame;
			productReference = 74B7A38720D04D20003253CC /* SnakeGame */;
			productType = "com.apple.product-type.tool";
		};
/* End PBXNativeTarget section */

/* Begin PBXProject section */
		74B7A37F20D04D20003253CC /* Project object */ = {
			isa = PBXProject;
			attributes = {
				LastUpgradeCheck = 0940;
				ORGANIZATIONNAME = "Daniel Sedlak";
				TargetAttributes = {
					74B7A38620D04D20003253CC = {
						CreatedOnToolsVersion = 9.4;
					};
				};
			};
			buildConfigurationList = 74B7A38220D04D20003253CC /* Build configuration list for PBXProject "SnakeGame" */;
			compatibilityVersion = "Xcode 9.3";
			developmentRegion = en;
			hasScannedForEncodings = 0;
			knownRegions = (
				en,
			);
			mainGroup = 74B7A37E20D04D20003253CC;
			productRefGroup = 74B7A38820D04D20003253CC /* Products */;
			projectDirPath = "";
			projectRoot = "";
			targets = (
				74B7A38620D04D20003253CC /* SnakeGame */,
			);
		};
/* End PBXProject section */

/* Begin PBXSourcesBuildPhase section */
		74B7A38320D04D20003253CC /* Sources */ = {
			isa = PBXSourcesBuildPhase;
			buildActionMask = 2147483647;
			files = (
				74B7A39E20D0F201003253CC /* SnakePart.cpp in Sources */,
				74B7A39D20D050DA003253CC /* SnakeGameItem.cpp in Sources */,
				74B7A39C20D04F55003253CC /* SnakeGame.cpp in Sources */,
				74B7A38B20D04D20003253CC /* start.cpp in Sources */,
			);
			runOnlyForDeploymentPostprocessing = 0;
		};
/* End PBXSourcesBuildPhase section */

/* Begin XCBuildConfiguration section */
		74B7A38C20D04D20003253CC /* Debug */ = {
			isa = XCBuildConfiguration;
			buildSettings = {
				ALWAYS_SEARCH_USER_PATHS = NO;
				CLANG_ANALYZER_NONNULL = YES;
				CLANG_ANALYZER_NUMBER_OBJECT_CONVERSION = YES_AGGRESSIVE;
				CLANG_CXX_LANGUAGE_STANDARD = "gnu++14";
				CLANG_CXX_LIBRARY = "libc++";
				CLANG_ENABLE_MODULES = YES;
				CLANG_ENABLE_OBJC_ARC = YES;
				CLANG_ENABLE_OBJC_WEAK = YES;
				CLANG_WARN_BLOCK_CAPTURE_AUTORELEASING = YES;
				CLANG_WARN_BOOL_CONVERSION = YES;
				CLANG_WARN_COMMA = YES;
				CLANG_WARN_CONSTANT_CONVERSION = YES;
				CLANG_WARN_DEPRECATED_OBJC_IMPLEMENTATIONS = YES;
				CLANG_WARN_DIRECT_OBJC_ISA_USAGE = YES_ERROR;
				CLANG_WARN_DOCUMENTATION_COMMENTS = YES;
				CLANG_WARN_EMPTY_BODY = YES;
				CLANG_WARN_ENUM_CONVERSION = YES;
				CLANG_WARN_INFINITE_RECURSION = YES;
				CLANG_WARN_INT_CONVERSION = YES;
				CLANG_WARN_NON_LITERAL_NULL_CONVERSION = YES;
				CLANG_WARN_OBJC_IMPLICIT_RETAIN_SELF = YES;
				CLANG_WARN_OBJC_LITERAL_CONVERSION = YES;
				CLANG_WARN_OBJC_ROOT_CLASS = YES_ERROR;
				CLANG_WARN_RANGE_LOOP_ANALYSIS = YES;
				CLANG_WARN_STRICT_PROTOTYPES = YES;
				CLANG_WARN_SUSPICIOUS_MOVE = YES;
				CLANG_WARN_UNGUARDED_AVAILABILITY = YES_AGGRESSIVE;
				CLANG_WARN_UNREACHABLE_CODE = YES;
				CLANG_WARN__DUPLICATE_METHOD_MATCH = YES;
				CODE_SIGN_IDENTITY = "Mac Developer";
				COPY_PHASE_STRIP = NO;
				DEBUG_INFORMATION_FORMAT = dwarf;
				ENABLE_STRICT_OBJC_MSGSEND = YES;
				ENABLE_TESTABILITY = YES;
				GCC_C_LANGUAGE_STANDARD = gnu11;
				GCC_DYNAMIC_NO_PIC = NO;
				GCC_NO_COMMON_BLOCKS = YES;
				GCC_OPTIMIZATION_LEVEL = 0;
				GCC_PREPROCESSOR_DEFINITIONS = (
					"DEBUG=1",
					"$(inherited)",
				);
				GCC_WARN_64_TO_32_BIT_CONVERSION = YES;
				GCC_WARN_ABOUT_RETURN_TYPE = YES_ERROR;
				GCC_WARN_UNDECLARED_SELECTOR = YES;
				GCC_WARN_UNINITIALIZED_AUTOS = YES_AGGRESSIVE;
				GCC_WARN_UNUSED_FUNCTION = YES;
				GCC_WARN_UNUSED_VARIABLE = YES;
				MACOSX_DEPLOYMENT_TARGET = 10.13;
				MTL_ENABLE_DEBUG_INFO = YES;
				ONLY_ACTIVE_ARCH = YES;
				SDKROOT = macosx;
			};
			name = Debug;
		};
		74B7A38D20D04D20003253CC /* Release */ = {
			isa = XCBuildConfiguration;
			buildSettings = {
				ALWAYS_SEARCH_USER_PATHS = NO;
				CLANG_ANALYZER_NONNULL = YES;
				CLANG_ANALYZER_NUMBER_OBJECT_CONVERSION = YES_AGGRESSIVE;
				CLANG_CXX_LANGUAGE_STANDARD = "gnu++14";
				CLANG_CXX_LIBRARY = "libc++";
				CLANG_ENABLE_MODULES = YES;
				CLANG_ENABLE_OBJC_ARC = YES;
				CLANG_ENABLE_OBJC_WEAK = YES;
				CLANG_WARN_BLOCK_CAPTURE_AUTORELEASING = YES;
				CLANG_WARN_BOOL_CONVERSION = YES;
				CLANG_WARN_COMMA = YES;
				CLANG_WARN_CONSTANT_CONVERSION = YES;
				CLANG_WARN_DEPRECATED_OBJC_IMPLEMENTATIONS = YES;
				CLANG_WARN_DIRECT_OBJC_ISA_USAGE = YES_ERROR;
				CLANG_WARN_DOCUMENTATION_COMMENTS = YES;
				CLANG_WARN_EMPTY_BODY = YES;
				CLANG_WARN_ENUM_CONVERSION = YES;
				CLANG_WARN_INFINITE_RECURSION = YES;
				CLANG_WARN_INT_CONVERSION = YES;
				CLANG_WARN_NON_LITERAL_NULL_CONVERSION = YES;
				CLANG_WARN_OBJC_IMPLICIT_RETAIN_SELF = YES;
				CLANG_WARN_OBJC_LITERAL_CONVERSION = YES;
				CLANG_WARN_OBJC_ROOT_CLASS = YES_ERROR;
				CLANG_WARN_RANGE_LOOP_ANALYSIS = YES;
				CLANG_WARN_STRICT_PROTOTYPES = YES;
				CLANG_WARN_SUSPICIOUS_MOVE = YES;
				CLANG_WARN_UNGUARDED_AVAILABILITY = YES_AGGRESSIVE;
				CLANG_WARN_UNREACHABLE_CODE = YES;
				CLANG_WARN__DUPLICATE_METHOD_MATCH = YES;
				CODE_SIGN_IDENTITY = "Mac Developer";
				COPY_PHASE_STRIP = NO;
				DEBUG_INFORMATION_FORMAT = "dwarf-with-dsym";
				ENABLE_NS_ASSERTIONS = NO;
				ENABLE_STRICT_OBJC_MSGSEND = YES;
				GCC_C_LANGUAGE_STANDARD = gnu11;
				GCC_NO_COMMON_BLOCKS = YES;
				GCC_WARN_64_TO_32_BIT_CONVERSION = YES;
				GCC_WARN_ABOUT_RETURN_TYPE = YES_ERROR;
				GCC_WARN_UNDECLARED_SELECTOR = YES;
				GCC_WARN_UNINITIALIZED_AUTOS = YES_AGGRESSIVE;
				GCC_WARN_UNUSED_FUNCTION = YES;
				GCC_WARN_UNUSED_VARIABLE = YES;
				MACOSX_DEPLOYMENT_TARGET = 10.13;
				MTL_ENABLE_DEBUG_INFO = NO;
				SDKROOT = macosx;
			};
			name = Release;
		};
		74B7A38F20D04D20003253CC /* Debug */ = {
			isa = XCBuildConfiguration;
			buildSettings = {
				CODE_SIGN_STYLE = Automatic;
				DEVELOPMENT_TEAM = 9J98D9J3NG;
				PRODUCT_NAME = "$(TARGET_NAME)";
			};
			name = Debug;
		};
		74B7A39020D04D20003253CC /* Release */ = {
			isa = XCBuildConfiguration;
			buildSettings = {
				CODE_SIGN_STYLE = Automatic;
				DEVELOPMENT_TEAM = 9J98D9J3NG;
				PRODUCT_NAME = "$(TARGET_NAME)";
			};
			name = Release;
		};
/* End XCBuildConfiguration section */

/* Begin XCConfigurationList section */
		74B7A38220D04D20003253CC /* Build configuration list for PBXProject "SnakeGame" */ = {
			isa = XCConfigurationList;
			buildConfigurations = (
				74B7A38C20D04D20003253CC /* Debug */,
				74B7A38D20D04D20003253CC /* Release */,
			);
			defaultConfigurationIsVisible = 0;
			defaultConfigurationName = Release;
		};
		74B7A38E20D04D20003253CC /* Build configuration list for PBXNativeTarget "SnakeGame" */ = {
			isa = XCConfigurationList;
			buildConfigurations = (
				74B7A38F20D04D20003253CC /* Debug */,
				74B7A39020D04D20003253CC /* Release */,
			);
			defaultConfigurationIsVisible = 0;
			defaultConfigurationName = Release;
		};
/* End XCConfigurationList section */
	};
	rootObject = 74B7A37F20D04D20003253CC /* Project object */;
}
